
Microsoft Visual Studio Solution File, Format Version 12.00
# Visual Studio Version 16
VisualStudioVersion = 16.0.31402.337
MinimumVisualStudioVersion = 10.0.40219.1
Project("{FAE04EC0-301F-11D3-BF4B-00C04F79EFBC}") = "DMXamarin.UWP", "DMXamarin.UWP\DMXamarin.UWP.csproj", "{1A871E61-5E21-4EEA-B055-EDCCDA3370E7}"
EndProject
Project("{FAE04EC0-301F-11D3-BF4B-00C04F79EFBC}") = "DMXamarin.Android", "DMXamarin.Android\DMXamarin.Android.csproj", "{33BB0C3E-8993-4970-BC47-14A150C31948}"
EndProject
Project("{FAE04EC0-301F-11D3-BF4B-00C04F79EFBC}") = "DMXamarin.iOS", "DMXamarin.iOS\DMXamarin.iOS.csproj", "{2B8C4D0C-56D9-4D72-80D5-28715CC9A212}"
EndProject
Project("{9A19103F-16F7-4668-BE54-9A1E7A4F7556}") = "DMXamarin", "DMXamarin\DMXamarin.csproj", "{9F7808F9-A2D7-4CE0-86F2-0483EBC31FEE}"
EndProject
Project("{9A19103F-16F7-4668-BE54-9A1E7A4F7556}") = "MediaStreamer.Domain", "..\MediaStreamer.Domain\MediaStreamer.Domain.csproj", "{DB7A6723-7AA6-490C-86B5-627F74A2CB17}"
EndProject
Project("{9A19103F-16F7-4668-BE54-9A1E7A4F7556}") = "MediaStreamer.DataAccess.NetStandard", "..\MediaStreamer.DataAccess.NetStandard\MediaStreamer.DataAccess.NetStandard.csproj", "{4EC0C2B0-3CDD-47FA-BC58-FEE3F0729C58}"
EndProject
Project("{9A19103F-16F7-4668-BE54-9A1E7A4F7556}") = "MediaStreamer.TagEditor", "..\MediaStreamer.TagEditor\MediaStreamer.TagEditor.csproj", "{AF9FDDD6-A9B5-4E45-B410-9FC10E3A59AF}"
EndProject
Project("{9A19103F-16F7-4668-BE54-9A1E7A4F7556}") = "MediaStreamer.IO", "..\MediaStreamer.IO\MediaStreamer.IO.csproj", "{DB1C9425-392B-4781-A720-30D31EA2D6D5}"
EndProject
Project("{FAE04EC0-301F-11D3-BF4B-00C04F79EFBC}") = "MediaStreamer.Exceptions", "..\MediaStreamer.Exceptions\MediaStreamer.Exceptions.csproj", "{BADA7EBE-856D-4FCF-8003-84C431EF607A}"
EndProject
Global
	GlobalSection(SolutionConfigurationPlatforms) = preSolution
		Debug|Any CPU = Debug|Any CPU
		Debug|ARM = Debug|ARM
		Debug|iPhone = Debug|iPhone
		Debug|iPhoneSimulator = Debug|iPhoneSimulator
		Debug|x64 = Debug|x64
		Debug|x86 = Debug|x86
		Release|Any CPU = Release|Any CPU
		Release|ARM = Release|ARM
		Release|iPhone = Release|iPhone
		Release|iPhoneSimulator = Release|iPhoneSimulator
		Release|x64 = Release|x64
		Release|x86 = Release|x86
	EndGlobalSection
	GlobalSection(ProjectConfigurationPlatforms) = postSolution
		{1A871E61-5E21-4EEA-B055-EDCCDA3370E7}.Debug|Any CPU.ActiveCfg = Debug|x86
		{1A871E61-5E21-4EEA-B055-EDCCDA3370E7}.Debug|Any CPU.Build.0 = Debug|x86
		{1A871E61-5E21-4EEA-B055-EDCCDA3370E7}.Debug|Any CPU.Deploy.0 = Debug|x86
		{1A871E61-5E21-4EEA-B055-EDCCDA3370E7}.Debug|ARM.ActiveCfg = Debug|ARM
		{1A871E61-5E21-4EEA-B055-EDCCDA3370E7}.Debug|ARM.Build.0 = Debug|ARM
		{1A871E61-5E21-4EEA-B055-EDCCDA3370E7}.Debug|ARM.Deploy.0 = Debug|ARM
		{1A871E61-5E21-4EEA-B055-EDCCDA3370E7}.Debug|iPhone.ActiveCfg = Debug|x86
		{1A871E61-5E21-4EEA-B055-EDCCDA3370E7}.Debug|iPhone.Build.0 = Debug|x86
		{1A871E61-5E21-4EEA-B055-EDCCDA3370E7}.Debug|iPhone.Deploy.0 = Debug|x86
		{1A871E61-5E21-4EEA-B055-EDCCDA3370E7}.Debug|iPhoneSimulator.ActiveCfg = Debug|x86
		{1A871E61-5E21-4EEA-B055-EDCCDA3370E7}.Debug|iPhoneSimulator.Build.0 = Debug|x86
		{1A871E61-5E21-4EEA-B055-EDCCDA3370E7}.Debug|iPhoneSimulator.Deploy.0 = Debug|x86
		{1A871E61-5E21-4EEA-B055-EDCCDA3370E7}.Debug|x64.ActiveCfg = Debug|x64
		{1A871E61-5E21-4EEA-B055-EDCCDA3370E7}.Debug|x64.Build.0 = Debug|x64
		{1A871E61-5E21-4EEA-B055-EDCCDA3370E7}.Debug|x64.Deploy.0 = Debug|x64
		{1A871E61-5E21-4EEA-B055-EDCCDA3370E7}.Debug|x86.ActiveCfg = Debug|x86
		{1A871E61-5E21-4EEA-B055-EDCCDA3370E7}.Debug|x86.Build.0 = Debug|x86
		{1A871E61-5E21-4EEA-B055-EDCCDA3370E7}.Debug|x86.Deploy.0 = Debug|x86
		{1A871E61-5E21-4EEA-B055-EDCCDA3370E7}.Release|Any CPU.ActiveCfg = Release|x86
		{1A871E61-5E21-4EEA-B055-EDCCDA3370E7}.Release|Any CPU.Build.0 = Release|x86
		{1A871E61-5E21-4EEA-B055-EDCCDA3370E7}.Release|Any CPU.Deploy.0 = Release|x86
		{1A871E61-5E21-4EEA-B055-EDCCDA3370E7}.Release|ARM.ActiveCfg = Release|ARM
		{1A871E61-5E21-4EEA-B055-EDCCDA3370E7}.Release|ARM.Build.0 = Release|ARM
		{1A871E61-5E21-4EEA-B055-EDCCDA3370E7}.Release|ARM.Deploy.0 = Release|ARM
		{1A871E61-5E21-4EEA-B055-EDCCDA3370E7}.Release|iPhone.ActiveCfg = Release|x86
		{1A871E61-5E21-4EEA-B055-EDCCDA3370E7}.Release|iPhone.Build.0 = Release|x86
		{1A871E61-5E21-4EEA-B055-EDCCDA3370E7}.Release|iPhone.Deploy.0 = Release|x86
		{1A871E61-5E21-4EEA-B055-EDCCDA3370E7}.Release|iPhoneSimulator.ActiveCfg = Release|x86
		{1A871E61-5E21-4EEA-B055-EDCCDA3370E7}.Release|iPhoneSimulator.Build.0 = Release|x86
		{1A871E61-5E21-4EEA-B055-EDCCDA3370E7}.Release|iPhoneSimulator.Deploy.0 = Release|x86
		{1A871E61-5E21-4EEA-B055-EDCCDA3370E7}.Release|x64.ActiveCfg = Release|x64
		{1A871E61-5E21-4EEA-B055-EDCCDA3370E7}.Release|x64.Build.0 = Release|x64
		{1A871E61-5E21-4EEA-B055-EDCCDA3370E7}.Release|x64.Deploy.0 = Release|x64
		{1A871E61-5E21-4EEA-B055-EDCCDA3370E7}.Release|x86.ActiveCfg = Release|x86
		{1A871E61-5E21-4EEA-B055-EDCCDA3370E7}.Release|x86.Build.0 = Release|x86
		{1A871E61-5E21-4EEA-B055-EDCCDA3370E7}.Release|x86.Deploy.0 = Release|x86
		{33BB0C3E-8993-4970-BC47-14A150C31948}.Debug|Any CPU.ActiveCfg = Debug|Any CPU
		{33BB0C3E-8993-4970-BC47-14A150C31948}.Debug|Any CPU.Build.0 = Debug|Any CPU
		{33BB0C3E-8993-4970-BC47-14A150C31948}.Debug|Any CPU.Deploy.0 = Debug|Any CPU
		{33BB0C3E-8993-4970-BC47-14A150C31948}.Debug|ARM.ActiveCfg = Debug|Any CPU
		{33BB0C3E-8993-4970-BC47-14A150C31948}.Debug|ARM.Build.0 = Debug|Any CPU
		{33BB0C3E-8993-4970-BC47-14A150C31948}.Debug|ARM.Deploy.0 = Debug|Any CPU
		{33BB0C3E-8993-4970-BC47-14A150C31948}.Debug|iPhone.ActiveCfg = Debug|Any CPU
		{33BB0C3E-8993-4970-BC47-14A150C31948}.Debug|iPhone.Build.0 = Debug|Any CPU
		{33BB0C3E-8993-4970-BC47-14A150C31948}.Debug|iPhone.Deploy.0 = Debug|Any CPU
		{33BB0C3E-8993-4970-BC47-14A150C31948}.Debug|iPhoneSimulator.ActiveCfg = Debug|Any CPU
		{33BB0C3E-8993-4970-BC47-14A150C31948}.Debug|iPhoneSimulator.Build.0 = Debug|Any CPU
		{33BB0C3E-8993-4970-BC47-14A150C31948}.Debug|iPhoneSimulator.Deploy.0 = Debug|Any CPU
		{33BB0C3E-8993-4970-BC47-14A150C31948}.Debug|x64.ActiveCfg = Debug|Any CPU
		{33BB0C3E-8993-4970-BC47-14A150C31948}.Debug|x64.Build.0 = Debug|Any CPU
		{33BB0C3E-8993-4970-BC47-14A150C31948}.Debug|x64.Deploy.0 = Debug|Any CPU
		{33BB0C3E-8993-4970-BC47-14A150C31948}.Debug|x86.ActiveCfg = Debug|Any CPU
		{33BB0C3E-8993-4970-BC47-14A150C31948}.Debug|x86.Build.0 = Debug|Any CPU
		{33BB0C3E-8993-4970-BC47-14A150C31948}.Debug|x86.Deploy.0 = Debug|Any CPU
		{33BB0C3E-8993-4970-BC47-14A150C31948}.Release|Any CPU.ActiveCfg = Release|Any CPU
		{33BB0C3E-8993-4970-BC47-14A150C31948}.Release|Any CPU.Build.0 = Release|Any CPU
		{33BB0C3E-8993-4970-BC47-14A150C31948}.Release|Any CPU.Deploy.0 = Release|Any CPU
		{33BB0C3E-8993-4970-BC47-14A150C31948}.Release|ARM.ActiveCfg = Release|Any CPU
		{33BB0C3E-8993-4970-BC47-14A150C31948}.Release|ARM.Build.0 = Release|Any CPU
		{33BB0C3E-8993-4970-BC47-14A150C31948}.Release|ARM.Deploy.0 = Release|Any CPU
		{33BB0C3E-8993-4970-BC47-14A150C31948}.Release|iPhone.ActiveCfg = Release|Any CPU
		{33BB0C3E-8993-4970-BC47-14A150C31948}.Release|iPhone.Build.0 = Release|Any CPU
		{33BB0C3E-8993-4970-BC47-14A150C31948}.Release|iPhone.Deploy.0 = Release|Any CPU
		{33BB0C3E-8993-4970-BC47-14A150C31948}.Release|iPhoneSimulator.ActiveCfg = Release|Any CPU
		{33BB0C3E-8993-4970-BC47-14A150C31948}.Release|iPhoneSimulator.Build.0 = Release|Any CPU
		{33BB0C3E-8993-4970-BC47-14A150C31948}.Release|iPhoneSimulator.Deploy.0 = Release|Any CPU
		{33BB0C3E-8993-4970-BC47-14A150C31948}.Release|x64.ActiveCfg = Release|Any CPU
		{33BB0C3E-8993-4970-BC47-14A150C31948}.Release|x64.Build.0 = Release|Any CPU
		{33BB0C3E-8993-4970-BC47-14A150C31948}.Release|x64.Deploy.0 = Release|Any CPU
		{33BB0C3E-8993-4970-BC47-14A150C31948}.Release|x86.ActiveCfg = Release|Any CPU
		{33BB0C3E-8993-4970-BC47-14A150C31948}.Release|x86.Build.0 = Release|Any CPU
		{33BB0C3E-8993-4970-BC47-14A150C31948}.Release|x86.Deploy.0 = Release|Any CPU
		{2B8C4D0C-56D9-4D72-80D5-28715CC9A212}.Debug|Any CPU.ActiveCfg = Debug|iPhoneSimulator
		{2B8C4D0C-56D9-4D72-80D5-28715CC9A212}.Debug|Any CPU.Build.0 = Debug|iPhoneSimulator
		{2B8C4D0C-56D9-4D72-80D5-28715CC9A212}.Debug|Any CPU.Deploy.0 = Debug|iPhoneSimulator
		{2B8C4D0C-56D9-4D72-80D5-28715CC9A212}.Debug|ARM.ActiveCfg = Debug|iPhone
		{2B8C4D0C-56D9-4D72-80D5-28715CC9A212}.Debug|ARM.Build.0 = Debug|iPhone
		{2B8C4D0C-56D9-4D72-80D5-28715CC9A212}.Debug|ARM.Deploy.0 = Debug|iPhone
		{2B8C4D0C-56D9-4D72-80D5-28715CC9A212}.Debug|iPhone.ActiveCfg = Debug|iPhone
		{2B8C4D0C-56D9-4D72-80D5-28715CC9A212}.Debug|iPhone.Build.0 = Debug|iPhone
		{2B8C4D0C-56D9-4D72-80D5-28715CC9A212}.Debug|iPhone.Deploy.0 = Debug|iPhone
		{2B8C4D0C-56D9-4D72-80D5-28715CC9A212}.Debug|iPhoneSimulator.ActiveCfg = Debug|iPhoneSimulator
		{2B8C4D0C-56D9-4D72-80D5-28715CC9A212}.Debug|iPhoneSimulator.Build.0 = Debug|iPhoneSimulator
		{2B8C4D0C-56D9-4D72-80D5-28715CC9A212}.Debug|iPhoneSimulator.Deploy.0 = Debug|iPhoneSimulator
		{2B8C4D0C-56D9-4D72-80D5-28715CC9A212}.Debug|x64.ActiveCfg = Debug|iPhoneSimulator
		{2B8C4D0C-56D9-4D72-80D5-28715CC9A212}.Debug|x64.Build.0 = Debug|iPhoneSimulator
		{2B8C4D0C-56D9-4D72-80D5-28715CC9A212}.Debug|x64.Deploy.0 = Debug|iPhoneSimulator
		{2B8C4D0C-56D9-4D72-80D5-28715CC9A212}.Debug|x86.ActiveCfg = Debug|iPhoneSimulator
		{2B8C4D0C-56D9-4D72-80D5-28715CC9A212}.Debug|x86.Build.0 = Debug|iPhoneSimulator
		{2B8C4D0C-56D9-4D72-80D5-28715CC9A212}.Debug|x86.Deploy.0 = Debug|iPhoneSimulator
		{2B8C4D0C-56D9-4D72-80D5-28715CC9A212}.Release|Any CPU.ActiveCfg = Release|iPhoneSimulator
		{2B8C4D0C-56D9-4D72-80D5-28715CC9A212}.Release|Any CPU.Build.0 = Release|iPhoneSimulator
		{2B8C4D0C-56D9-4D72-80D5-28715CC9A212}.Release|Any CPU.Deploy.0 = Release|iPhoneSimulator
		{2B8C4D0C-56D9-4D72-80D5-28715CC9A212}.Release|ARM.ActiveCfg = Release|iPhoneSimulator
		{2B8C4D0C-56D9-4D72-80D5-28715CC9A212}.Release|ARM.Build.0 = Release|iPhoneSimulator
		{2B8C4D0C-56D9-4D72-80D5-28715CC9A212}.Release|ARM.Deploy.0 = Release|iPhoneSimulator
		{2B8C4D0C-56D9-4D72-80D5-28715CC9A212}.Release|iPhone.ActiveCfg = Release|iPhone
		{2B8C4D0C-56D9-4D72-80D5-28715CC9A212}.Release|iPhone.Build.0 = Release|iPhone
		{2B8C4D0C-56D9-4D72-80D5-28715CC9A212}.Release|iPhone.Deploy.0 = Release|iPhone
		{2B8C4D0C-56D9-4D72-80D5-28715CC9A212}.Release|iPhoneSimulator.ActiveCfg = Release|iPhoneSimulator
		{2B8C4D0C-56D9-4D72-80D5-28715CC9A212}.Release|iPhoneSimulator.Build.0 = Release|iPhoneSimulator
		{2B8C4D0C-56D9-4D72-80D5-28715CC9A212}.Release|iPhoneSimulator.Deploy.0 = Release|iPhoneSimulator
		{2B8C4D0C-56D9-4D72-80D5-28715CC9A212}.Release|x64.ActiveCfg = Release|iPhoneSimulator
		{2B8C4D0C-56D9-4D72-80D5-28715CC9A212}.Release|x64.Build.0 = Release|iPhoneSimulator
		{2B8C4D0C-56D9-4D72-80D5-28715CC9A212}.Release|x64.Deploy.0 = Release|iPhoneSimulator
		{2B8C4D0C-56D9-4D72-80D5-28715CC9A212}.Release|x86.ActiveCfg = Release|iPhoneSimulator
		{2B8C4D0C-56D9-4D72-80D5-28715CC9A212}.Release|x86.Build.0 = Release|iPhoneSimulator
		{2B8C4D0C-56D9-4D72-80D5-28715CC9A212}.Release|x86.Deploy.0 = Release|iPhoneSimulator
		{9F7808F9-A2D7-4CE0-86F2-0483EBC31FEE}.Debug|Any CPU.ActiveCfg = Debug|Any CPU
		{9F7808F9-A2D7-4CE0-86F2-0483EBC31FEE}.Debug|Any CPU.Build.0 = Debug|Any CPU
		{9F7808F9-A2D7-4CE0-86F2-0483EBC31FEE}.Debug|Any CPU.Deploy.0 = Debug|Any CPU
		{9F7808F9-A2D7-4CE0-86F2-0483EBC31FEE}.Debug|ARM.ActiveCfg = Debug|Any CPU
		{9F7808F9-A2D7-4CE0-86F2-0483EBC31FEE}.Debug|ARM.Build.0 = Debug|Any CPU
		{9F7808F9-A2D7-4CE0-86F2-0483EBC31FEE}.Debug|ARM.Deploy.0 = Debug|Any CPU
		{9F7808F9-A2D7-4CE0-86F2-0483EBC31FEE}.Debug|iPhone.ActiveCfg = Debug|Any CPU
		{9F7808F9-A2D7-4CE0-86F2-0483EBC31FEE}.Debug|iPhone.Build.0 = Debug|Any CPU
		{9F7808F9-A2D7-4CE0-86F2-0483EBC31FEE}.Debug|iPhone.Deploy.0 = Debug|Any CPU
		{9F7808F9-A2D7-4CE0-86F2-0483EBC31FEE}.Debug|iPhoneSimulator.ActiveCfg = Debug|Any CPU
		{9F7808F9-A2D7-4CE0-86F2-0483EBC31FEE}.Debug|iPhoneSimulator.Build.0 = Debug|Any CPU
		{9F7808F9-A2D7-4CE0-86F2-0483EBC31FEE}.Debug|iPhoneSimulator.Deploy.0 = Debug|Any CPU
		{9F7808F9-A2D7-4CE0-86F2-0483EBC31FEE}.Debug|x64.ActiveCfg = Debug|Any CPU
		{9F7808F9-A2D7-4CE0-86F2-0483EBC31FEE}.Debug|x64.Build.0 = Debug|Any CPU
		{9F7808F9-A2D7-4CE0-86F2-0483EBC31FEE}.Debug|x64.Deploy.0 = Debug|Any CPU
		{9F7808F9-A2D7-4CE0-86F2-0483EBC31FEE}.Debug|x86.ActiveCfg = Debug|Any CPU
		{9F7808F9-A2D7-4CE0-86F2-0483EBC31FEE}.Debug|x86.Build.0 = Debug|Any CPU
		{9F7808F9-A2D7-4CE0-86F2-0483EBC31FEE}.Debug|x86.Deploy.0 = Debug|Any CPU
		{9F7808F9-A2D7-4CE0-86F2-0483EBC31FEE}.Release|Any CPU.ActiveCfg = Release|Any CPU
		{9F7808F9-A2D7-4CE0-86F2-0483EBC31FEE}.Release|Any CPU.Build.0 = Release|Any CPU
		{9F7808F9-A2D7-4CE0-86F2-0483EBC31FEE}.Release|Any CPU.Deploy.0 = Release|Any CPU
		{9F7808F9-A2D7-4CE0-86F2-0483EBC31FEE}.Release|ARM.ActiveCfg = Release|Any CPU
		{9F7808F9-A2D7-4CE0-86F2-0483EBC31FEE}.Release|ARM.Build.0 = Release|Any CPU
		{9F7808F9-A2D7-4CE0-86F2-0483EBC31FEE}.Release|ARM.Deploy.0 = Release|Any CPU
		{9F7808F9-A2D7-4CE0-86F2-0483EBC31FEE}.Release|iPhone.ActiveCfg = Release|Any CPU
		{9F7808F9-A2D7-4CE0-86F2-0483EBC31FEE}.Release|iPhone.Build.0 = Release|Any CPU
		{9F7808F9-A2D7-4CE0-86F2-0483EBC31FEE}.Release|iPhone.Deploy.0 = Release|Any CPU
		{9F7808F9-A2D7-4CE0-86F2-0483EBC31FEE}.Release|iPhoneSimulator.ActiveCfg = Release|Any CPU
		{9F7808F9-A2D7-4CE0-86F2-0483EBC31FEE}.Release|iPhoneSimulator.Build.0 = Release|Any CPU
		{9F7808F9-A2D7-4CE0-86F2-0483EBC31FEE}.Release|iPhoneSimulator.Deploy.0 = Release|Any CPU
		{9F7808F9-A2D7-4CE0-86F2-0483EBC31FEE}.Release|x64.ActiveCfg = Release|Any CPU
		{9F7808F9-A2D7-4CE0-86F2-0483EBC31FEE}.Release|x64.Build.0 = Release|Any CPU
		{9F7808F9-A2D7-4CE0-86F2-0483EBC31FEE}.Release|x64.Deploy.0 = Release|Any CPU
		{9F7808F9-A2D7-4CE0-86F2-0483EBC31FEE}.Release|x86.ActiveCfg = Release|Any CPU
		{9F7808F9-A2D7-4CE0-86F2-0483EBC31FEE}.Release|x86.Build.0 = Release|Any CPU
		{9F7808F9-A2D7-4CE0-86F2-0483EBC31FEE}.Release|x86.Deploy.0 = Release|Any CPU
		{DB7A6723-7AA6-490C-86B5-627F74A2CB17}.Debug|Any CPU.ActiveCfg = Debug|Any CPU
		{DB7A6723-7AA6-490C-86B5-627F74A2CB17}.Debug|Any CPU.Build.0 = Debug|Any CPU
		{DB7A6723-7AA6-490C-86B5-627F74A2CB17}.Debug|ARM.ActiveCfg = Debug|Any CPU
		{DB7A6723-7AA6-490C-86B5-627F74A2CB17}.Debug|ARM.Build.0 = Debug|Any CPU
		{DB7A6723-7AA6-490C-86B5-627F74A2CB17}.Debug|iPhone.ActiveCfg = Debug|Any CPU
		{DB7A6723-7AA6-490C-86B5-627F74A2CB17}.Debug|iPhone.Build.0 = Debug|Any CPU
		{DB7A6723-7AA6-490C-86B5-627F74A2CB17}.Debug|iPhoneSimulator.ActiveCfg = Debug|Any CPU
		{DB7A6723-7AA6-490C-86B5-627F74A2CB17}.Debug|iPhoneSimulator.Build.0 = Debug|Any CPU
		{DB7A6723-7AA6-490C-86B5-627F74A2CB17}.Debug|x64.ActiveCfg = Debug|Any CPU
		{DB7A6723-7AA6-490C-86B5-627F74A2CB17}.Debug|x64.Build.0 = Debug|Any CPU
		{DB7A6723-7AA6-490C-86B5-627F74A2CB17}.Debug|x86.ActiveCfg = Debug|Any CPU
		{DB7A6723-7AA6-490C-86B5-627F74A2CB17}.Debug|x86.Build.0 = Debug|Any CPU
		{DB7A6723-7AA6-490C-86B5-627F74A2CB17}.Release|Any CPU.ActiveCfg = Release|Any CPU
		{DB7A6723-7AA6-490C-86B5-627F74A2CB17}.Release|Any CPU.Build.0 = Release|Any CPU
		{DB7A6723-7AA6-490C-86B5-627F74A2CB17}.Release|ARM.ActiveCfg = Release|Any CPU
		{DB7A6723-7AA6-490C-86B5-627F74A2CB17}.Release|ARM.Build.0 = Release|Any CPU
		{DB7A6723-7AA6-490C-86B5-627F74A2CB17}.Release|iPhone.ActiveCfg = Release|Any CPU
		{DB7A6723-7AA6-490C-86B5-627F74A2CB17}.Release|iPhone.Build.0 = Release|Any CPU
		{DB7A6723-7AA6-490C-86B5-627F74A2CB17}.Release|iPhoneSimulator.ActiveCfg = Release|Any CPU
		{DB7A6723-7AA6-490C-86B5-627F74A2CB17}.Release|iPhoneSimulator.Build.0 = Release|Any CPU
		{DB7A6723-7AA6-490C-86B5-627F74A2CB17}.Release|x64.ActiveCfg = Release|Any CPU
		{DB7A6723-7AA6-490C-86B5-627F74A2CB17}.Release|x64.Build.0 = Release|Any CPU
		{DB7A6723-7AA6-490C-86B5-627F74A2CB17}.Release|x86.ActiveCfg = Release|Any CPU
		{DB7A6723-7AA6-490C-86B5-627F74A2CB17}.Release|x86.Build.0 = Release|Any CPU
		{4EC0C2B0-3CDD-47FA-BC58-FEE3F0729C58}.Debug|Any CPU.ActiveCfg = Debug|Any CPU
		{4EC0C2B0-3CDD-47FA-BC58-FEE3F0729C58}.Debug|Any CPU.Build.0 = Debug|Any CPU
		{4EC0C2B0-3CDD-47FA-BC58-FEE3F0729C58}.Debug|ARM.ActiveCfg = Debug|Any CPU
		{4EC0C2B0-3CDD-47FA-BC58-FEE3F0729C58}.Debug|ARM.Build.0 = Debug|Any CPU
		{4EC0C2B0-3CDD-47FA-BC58-FEE3F0729C58}.Debug|iPhone.ActiveCfg = Debug|Any CPU
		{4EC0C2B0-3CDD-47FA-BC58-FEE3F0729C58}.Debug|iPhone.Build.0 = Debug|Any CPU
		{4EC0C2B0-3CDD-47FA-BC58-FEE3F0729C58}.Debug|iPhoneSimulator.ActiveCfg = Debug|Any CPU
		{4EC0C2B0-3CDD-47FA-BC58-FEE3F0729C58}.Debug|iPhoneSimulator.Build.0 = Debug|Any CPU
		{4EC0C2B0-3CDD-47FA-BC58-FEE3F0729C58}.Debug|x64.ActiveCfg = Debug|Any CPU
		{4EC0C2B0-3CDD-47FA-BC58-FEE3F0729C58}.Debug|x64.Build.0 = Debug|Any CPU
		{4EC0C2B0-3CDD-47FA-BC58-FEE3F0729C58}.Debug|x86.ActiveCfg = Debug|Any CPU
		{4EC0C2B0-3CDD-47FA-BC58-FEE3F0729C58}.Debug|x86.Build.0 = Debug|Any CPU
		{4EC0C2B0-3CDD-47FA-BC58-FEE3F0729C58}.Release|Any CPU.ActiveCfg = Release|Any CPU
		{4EC0C2B0-3CDD-47FA-BC58-FEE3F0729C58}.Release|Any CPU.Build.0 = Release|Any CPU
		{4EC0C2B0-3CDD-47FA-BC58-FEE3F0729C58}.Release|ARM.ActiveCfg = Release|Any CPU
		{4EC0C2B0-3CDD-47FA-BC58-FEE3F0729C58}.Release|ARM.Build.0 = Release|Any CPU
		{4EC0C2B0-3CDD-47FA-BC58-FEE3F0729C58}.Release|iPhone.ActiveCfg = Release|Any CPU
		{4EC0C2B0-3CDD-47FA-BC58-FEE3F0729C58}.Release|iPhone.Build.0 = Release|Any CPU
		{4EC0C2B0-3CDD-47FA-BC58-FEE3F0729C58}.Release|iPhoneSimulator.ActiveCfg = Release|Any CPU
		{4EC0C2B0-3CDD-47FA-BC58-FEE3F0729C58}.Release|iPhoneSimulator.Build.0 = Release|Any CPU
		{4EC0C2B0-3CDD-47FA-BC58-FEE3F0729C58}.Release|x64.ActiveCfg = Release|Any CPU
		{4EC0C2B0-3CDD-47FA-BC58-FEE3F0729C58}.Release|x64.Build.0 = Release|Any CPU
		{4EC0C2B0-3CDD-47FA-BC58-FEE3F0729C58}.Release|x86.ActiveCfg = Release|Any CPU
		{4EC0C2B0-3CDD-47FA-BC58-FEE3F0729C58}.Release|x86.Build.0 = Release|Any CPU
		{AF9FDDD6-A9B5-4E45-B410-9FC10E3A59AF}.Debug|Any CPU.ActiveCfg = Debug|Any CPU
		{AF9FDDD6-A9B5-4E45-B410-9FC10E3A59AF}.Debug|Any CPU.Build.0 = Debug|Any CPU
		{AF9FDDD6-A9B5-4E45-B410-9FC10E3A59AF}.Debug|ARM.ActiveCfg = Debug|Any CPU
		{AF9FDDD6-A9B5-4E45-B410-9FC10E3A59AF}.Debug|ARM.Build.0 = Debug|Any CPU
		{AF9FDDD6-A9B5-4E45-B410-9FC10E3A59AF}.Debug|iPhone.ActiveCfg = Debug|Any CPU
		{AF9FDDD6-A9B5-4E45-B410-9FC10E3A59AF}.Debug|iPhone.Build.0 = Debug|Any CPU
		{AF9FDDD6-A9B5-4E45-B410-9FC10E3A59AF}.Debug|iPhoneSimulator.ActiveCfg = Debug|Any CPU
		{AF9FDDD6-A9B5-4E45-B410-9FC10E3A59AF}.Debug|iPhoneSimulator.Build.0 = Debug|Any CPU
		{AF9FDDD6-A9B5-4E45-B410-9FC10E3A59AF}.Debug|x64.ActiveCfg = Debug|Any CPU
		{AF9FDDD6-A9B5-4E45-B410-9FC10E3A59AF}.Debug|x64.Build.0 = Debug|Any CPU
		{AF9FDDD6-A9B5-4E45-B410-9FC10E3A59AF}.Debug|x86.ActiveCfg = Debug|Any CPU
		{AF9FDDD6-A9B5-4E45-B410-9FC10E3A59AF}.Debug|x86.Build.0 = Debug|Any CPU
		{AF9FDDD6-A9B5-4E45-B410-9FC10E3A59AF}.Release|Any CPU.ActiveCfg = Release|Any CPU
		{AF9FDDD6-A9B5-4E45-B410-9FC10E3A59AF}.Release|Any CPU.Build.0 = Release|Any CPU
		{AF9FDDD6-A9B5-4E45-B410-9FC10E3A59AF}.Release|ARM.ActiveCfg = Release|Any CPU
		{AF9FDDD6-A9B5-4E45-B410-9FC10E3A59AF}.Release|ARM.Build.0 = Release|Any CPU
		{AF9FDDD6-A9B5-4E45-B410-9FC10E3A59AF}.Release|iPhone.ActiveCfg = Release|Any CPU
		{AF9FDDD6-A9B5-4E45-B410-9FC10E3A59AF}.Release|iPhone.Build.0 = Release|Any CPU
		{AF9FDDD6-A9B5-4E45-B410-9FC10E3A59AF}.Release|iPhoneSimulator.ActiveCfg = Release|Any CPU
		{AF9FDDD6-A9B5-4E45-B410-9FC10E3A59AF}.Release|iPhoneSimulator.Build.0 = Release|Any CPU
		{AF9FDDD6-A9B5-4E45-B410-9FC10E3A59AF}.Release|x64.ActiveCfg = Release|Any CPU
		{AF9FDDD6-A9B5-4E45-B410-9FC10E3A59AF}.Release|x64.Build.0 = Release|Any CPU
		{AF9FDDD6-A9B5-4E45-B410-9FC10E3A59AF}.Release|x86.ActiveCfg = Release|Any CPU
		{AF9FDDD6-A9B5-4E45-B410-9FC10E3A59AF}.Release|x86.Build.0 = Release|Any CPU
		{DB1C9425-392B-4781-A720-30D31EA2D6D5}.Debug|Any CPU.ActiveCfg = Debug|Any CPU
		{DB1C9425-392B-4781-A720-30D31EA2D6D5}.Debug|Any CPU.Build.0 = Debug|Any CPU
		{DB1C9425-392B-4781-A720-30D31EA2D6D5}.Debug|ARM.ActiveCfg = Debug|Any CPU
		{DB1C9425-392B-4781-A720-30D31EA2D6D5}.Debug|ARM.Build.0 = Debug|Any CPU
		{DB1C9425-392B-4781-A720-30D31EA2D6D5}.Debug|iPhone.ActiveCfg = Debug|Any CPU
		{DB1C9425-392B-4781-A720-30D31EA2D6D5}.Debug|iPhone.Build.0 = Debug|Any CPU
		{DB1C9425-392B-4781-A720-30D31EA2D6D5}.Debug|iPhoneSimulator.ActiveCfg = Debug|Any CPU
		{DB1C9425-392B-4781-A720-30D31EA2D6D5}.Debug|iPhoneSimulator.Build.0 = Debug|Any CPU
		{DB1C9425-392B-4781-A720-30D31EA2D6D5}.Debug|x64.ActiveCfg = Debug|Any CPU
		{DB1C9425-392B-4781-A720-30D31EA2D6D5}.Debug|x64.Build.0 = Debug|Any CPU
		{DB1C9425-392B-4781-A720-30D31EA2D6D5}.Debug|x86.ActiveCfg = Debug|Any CPU
		{DB1C9425-392B-4781-A720-30D31EA2D6D5}.Debug|x86.Build.0 = Debug|Any CPU
		{DB1C9425-392B-4781-A720-30D31EA2D6D5}.Release|Any CPU.ActiveCfg = Release|Any CPU
		{DB1C9425-392B-4781-A720-30D31EA2D6D5}.Release|Any CPU.Build.0 = Release|Any CPU
		{DB1C9425-392B-4781-A720-30D31EA2D6D5}.Release|ARM.ActiveCfg = Release|Any CPU
		{DB1C9425-392B-4781-A720-30D31EA2D6D5}.Release|ARM.Build.0 = Release|Any CPU
		{DB1C9425-392B-4781-A720-30D31EA2D6D5}.Release|iPhone.ActiveCfg = Release|Any CPU
		{DB1C9425-392B-4781-A720-30D31EA2D6D5}.Release|iPhone.Build.0 = Release|Any CPU
		{DB1C9425-392B-4781-A720-30D31EA2D6D5}.Release|iPhoneSimulator.ActiveCfg = Release|Any CPU
		{DB1C9425-392B-4781-A720-30D31EA2D6D5}.Release|iPhoneSimulator.Build.0 = Release|Any CPU
		{DB1C9425-392B-4781-A720-30D31EA2D6D5}.Release|x64.ActiveCfg = Release|Any CPU
		{DB1C9425-392B-4781-A720-30D31EA2D6D5}.Release|x64.Build.0 = Release|Any CPU
		{DB1C9425-392B-4781-A720-30D31EA2D6D5}.Release|x86.ActiveCfg = Release|Any CPU
		{DB1C9425-392B-4781-A720-30D31EA2D6D5}.Release|x86.Build.0 = Release|Any CPU
		{BADA7EBE-856D-4FCF-8003-84C431EF607A}.Debug|Any CPU.ActiveCfg = Debug|Any CPU
		{BADA7EBE-856D-4FCF-8003-84C431EF607A}.Debug|Any CPU.Build.0 = Debug|Any CPU
		{BADA7EBE-856D-4FCF-8003-84C431EF607A}.Debug|ARM.ActiveCfg = Debug|Any CPU
		{BADA7EBE-856D-4FCF-8003-84C431EF607A}.Debug|ARM.Build.0 = Debug|Any CPU
		{BADA7EBE-856D-4FCF-8003-84C431EF607A}.Debug|iPhone.ActiveCfg = Debug|Any CPU
		{BADA7EBE-856D-4FCF-8003-84C431EF607A}.Debug|iPhone.Build.0 = Debug|Any CPU
		{BADA7EBE-856D-4FCF-8003-84C431EF607A}.Debug|iPhoneSimulator.ActiveCfg = Debug|Any CPU
		{BADA7EBE-856D-4FCF-8003-84C431EF607A}.Debug|iPhoneSimulator.Build.0 = Debug|Any CPU
		{BADA7EBE-856D-4FCF-8003-84C431EF607A}.Debug|x64.ActiveCfg = Debug|Any CPU
		{BADA7EBE-856D-4FCF-8003-84C431EF607A}.Debug|x64.Build.0 = Debug|Any CPU
		{BADA7EBE-856D-4FCF-8003-84C431EF607A}.Debug|x86.ActiveCfg = Debug|Any CPU
		{BADA7EBE-856D-4FCF-8003-84C431EF607A}.Debug|x86.Build.0 = Debug|Any CPU
		{BADA7EBE-856D-4FCF-8003-84C431EF607A}.Release|Any CPU.ActiveCfg = Release|Any CPU
		{BADA7EBE-856D-4FCF-8003-84C431EF607A}.Release|Any CPU.Build.0 = Release|Any CPU
		{BADA7EBE-856D-4FCF-8003-84C431EF607A}.Release|ARM.ActiveCfg = Release|Any CPU
		{BADA7EBE-856D-4FCF-8003-84C431EF607A}.Release|ARM.Build.0 = Release|Any CPU
		{BADA7EBE-856D-4FCF-8003-84C431EF607A}.Release|iPhone.ActiveCfg = Release|Any CPU
		{BADA7EBE-856D-4FCF-8003-84C431EF607A}.Release|iPhone.Build.0 = Release|Any CPU
		{BADA7EBE-856D-4FCF-8003-84C431EF607A}.Release|iPhoneSimulator.ActiveCfg = Release|Any CPU
		{BADA7EBE-856D-4FCF-8003-84C431EF607A}.Release|iPhoneSimulator.Build.0 = Release|Any CPU
		{BADA7EBE-856D-4FCF-8003-84C431EF607A}.Release|x64.ActiveCfg = Release|Any CPU
		{BADA7EBE-856D-4FCF-8003-84C431EF607A}.Release|x64.Build.0 = Release|Any CPU
		{BADA7EBE-856D-4FCF-8003-84C431EF607A}.Release|x86.ActiveCfg = Release|Any CPU
		{BADA7EBE-856D-4FCF-8003-84C431EF607A}.Release|x86.Build.0 = Release|Any CPU
	EndGlobalSection
	GlobalSection(SolutionProperties) = preSolution
		HideSolutionNode = FALSE
	EndGlobalSection
	GlobalSection(ExtensibilityGlobals) = postSolution
		SolutionGuid = {42B6DCA9-5F81-4425-9A81-9336FDC721D7}
	EndGlobalSection
EndGlobal
